
Microsoft Visual Studio Solution File, Format Version 12.00
# Visual Studio 15
VisualStudioVersion = 15.0.26730.10
MinimumVisualStudioVersion = 10.0.40219.1
Project("{F184B08F-C81C-45F6-A57F-5ABD9991F28F}") = "ShufflingTool", "ShufflingTool\ShufflingTool.vbproj", "{D0951D71-6AAD-451A-88A2-58B50F7D8BF0}"
EndProject
Global
	GlobalSection(SolutionConfigurationPlatforms) = preSolution
		Debug|Any CPU = Debug|Any CPU
		Debug|x64 = Debug|x64
		Release|Any CPU = Release|Any CPU
		Release|x64 = Release|x64
	EndGlobalSection
	GlobalSection(ProjectConfigurationPlatforms) = postSolution
		{D0951D71-6AAD-451A-88A2-58B50F7D8BF0}.Debug|Any CPU.ActiveCfg = Debug|Any CPU
		{D0951D71-6AAD-451A-88A2-58B50F7D8BF0}.Debug|Any CPU.Build.0 = Debug|Any CPU
		{D0951D71-6AAD-451A-88A2-58B50F7D8BF0}.Debug|x64.ActiveCfg = Debug|x64
		{D0951D71-6AAD-451A-88A2-58B50F7D8BF0}.Debug|x64.Build.0 = Debug|x64
		{D0951D71-6AAD-451A-88A2-58B50F7D8BF0}.Release|Any CPU.ActiveCfg = Release|Any CPU
		{D0951D71-6AAD-451A-88A2-58B50F7D8BF0}.Release|Any CPU.Build.0 = Release|Any CPU
		{D0951D71-6AAD-451A-88A2-58B50F7D8BF0}.Release|x64.ActiveCfg = Release|x64
		{D0951D71-6AAD-451A-88A2-58B50F7D8BF0}.Release|x64.Build.0 = Release|x64
	EndGlobalSection
	GlobalSection(SolutionProperties) = preSolution
		HideSolutionNode = FALSE
	EndGlobalSection
	GlobalSection(ExtensibilityGlobals) = postSolution
		SolutionGuid = {648A6A42-F559-4C59-A3BB-0792CFCC5EB2}
	EndGlobalSection
EndGlobal
